
Microsoft Visual Studio Solution File, Format Version 12.00
# Visual Studio 15
VisualStudioVersion = 15.0.27428.2037
MinimumVisualStudioVersion = 10.0.40219.1
Project("{8BC9CEB8-8B4A-11D0-8D11-00A0C91BC942}") = "task1", "task1\task1.vcxproj", "{5909A3A6-5FFD-4017-BB8D-91CD13190260}"
EndProject
Project("{8BC9CEB8-8B4A-11D0-8D11-00A0C91BC942}") = "55. binary_heap", "55. binary_heap\55. binary_heap.vcxproj", "{6E810502-1A3E-4283-BEEC-E4F9478004A3}"
EndProject
Project("{8BC9CEB8-8B4A-11D0-8D11-00A0C91BC942}") = "0.3", "0.3\0.3.vcxproj", "{A5B180B6-FE96-4E02-93F7-A3BD0843D677}"
EndProject
Project("{8BC9CEB8-8B4A-11D0-8D11-00A0C91BC942}") = "task2", "task2\task2.vcxproj", "{7B2615E6-01B9-41EC-BB1D-CBC809370037}"
EndProject
Project("{8BC9CEB8-8B4A-11D0-8D11-00A0C91BC942}") = "binary_heap_2", "binary_heap_2\binary_heap_2.vcxproj", "{2A95C12F-BAE0-454D-BCD9-512E27EEFE4B}"
EndProject
Project("{8BC9CEB8-8B4A-11D0-8D11-00A0C91BC942}") = "task2_2", "task2_2\task2_2.vcxproj", "{6C6FF6F3-9137-45EC-B074-F7B844AB1B65}"
EndProject
Project("{8BC9CEB8-8B4A-11D0-8D11-00A0C91BC942}") = "Task3_1", "Task3_1\Task3_1.vcxproj", "{3ACCCE34-9442-482E-8DE8-56E6EC8FBE84}"
EndProject
Project("{8BC9CEB8-8B4A-11D0-8D11-00A0C91BC942}") = "57.HshTable", "57.HshTable\57.HshTable.vcxproj", "{2E7D3388-7BC4-410E-B5DF-5DAF5E972273}"
EndProject
Project("{8BC9CEB8-8B4A-11D0-8D11-00A0C91BC942}") = "dij", "dij\dij.vcxproj", "{A67AC746-13F6-43AF-AB1B-3F93A3233EED}"
EndProject
Project("{8BC9CEB8-8B4A-11D0-8D11-00A0C91BC942}") = "Task4", "Task4\Task4.vcxproj", "{28B9A318-CE8B-44EE-810F-CEFCF5E17950}"
EndProject
Project("{8BC9CEB8-8B4A-11D0-8D11-00A0C91BC942}") = "Stops", "Ыещзы\Ыещзы.vcxproj", "{9F9A307F-C861-4782-A806-6BDD7F69D7F4}"
EndProject
Project("{8BC9CEB8-8B4A-11D0-8D11-00A0C91BC942}") = "Perebor", "Perebor\Perebor.vcxproj", "{CFE6DC9C-BA19-488C-9D68-BABCB7D0DD6C}"
EndProject
Project("{8BC9CEB8-8B4A-11D0-8D11-00A0C91BC942}") = "excur", "excur\excur.vcxproj", "{56D2D737-4534-4DC6-8CA2-D7EAEADB98DA}"
EndProject
Global
	GlobalSection(SolutionConfigurationPlatforms) = preSolution
		Debug|x64 = Debug|x64
		Debug|x86 = Debug|x86
		Release|x64 = Release|x64
		Release|x86 = Release|x86
	EndGlobalSection
	GlobalSection(ProjectConfigurationPlatforms) = postSolution
		{5909A3A6-5FFD-4017-BB8D-91CD13190260}.Debug|x64.ActiveCfg = Debug|x64
		{5909A3A6-5FFD-4017-BB8D-91CD13190260}.Debug|x64.Build.0 = Debug|x64
		{5909A3A6-5FFD-4017-BB8D-91CD13190260}.Debug|x86.ActiveCfg = Debug|Win32
		{5909A3A6-5FFD-4017-BB8D-91CD13190260}.Debug|x86.Build.0 = Debug|Win32
		{5909A3A6-5FFD-4017-BB8D-91CD13190260}.Release|x64.ActiveCfg = Release|x64
		{5909A3A6-5FFD-4017-BB8D-91CD13190260}.Release|x64.Build.0 = Release|x64
		{5909A3A6-5FFD-4017-BB8D-91CD13190260}.Release|x86.ActiveCfg = Release|Win32
		{5909A3A6-5FFD-4017-BB8D-91CD13190260}.Release|x86.Build.0 = Release|Win32
		{6E810502-1A3E-4283-BEEC-E4F9478004A3}.Debug|x64.ActiveCfg = Debug|x64
		{6E810502-1A3E-4283-BEEC-E4F9478004A3}.Debug|x64.Build.0 = Debug|x64
		{6E810502-1A3E-4283-BEEC-E4F9478004A3}.Debug|x86.ActiveCfg = Debug|Win32
		{6E810502-1A3E-4283-BEEC-E4F9478004A3}.Debug|x86.Build.0 = Debug|Win32
		{6E810502-1A3E-4283-BEEC-E4F9478004A3}.Release|x64.ActiveCfg = Release|x64
		{6E810502-1A3E-4283-BEEC-E4F9478004A3}.Release|x64.Build.0 = Release|x64
		{6E810502-1A3E-4283-BEEC-E4F9478004A3}.Release|x86.ActiveCfg = Release|Win32
		{6E810502-1A3E-4283-BEEC-E4F9478004A3}.Release|x86.Build.0 = Release|Win32
		{A5B180B6-FE96-4E02-93F7-A3BD0843D677}.Debug|x64.ActiveCfg = Debug|x64
		{A5B180B6-FE96-4E02-93F7-A3BD0843D677}.Debug|x64.Build.0 = Debug|x64
		{A5B180B6-FE96-4E02-93F7-A3BD0843D677}.Debug|x86.ActiveCfg = Debug|Win32
		{A5B180B6-FE96-4E02-93F7-A3BD0843D677}.Debug|x86.Build.0 = Debug|Win32
		{A5B180B6-FE96-4E02-93F7-A3BD0843D677}.Release|x64.ActiveCfg = Release|x64
		{A5B180B6-FE96-4E02-93F7-A3BD0843D677}.Release|x64.Build.0 = Release|x64
		{A5B180B6-FE96-4E02-93F7-A3BD0843D677}.Release|x86.ActiveCfg = Release|Win32
		{A5B180B6-FE96-4E02-93F7-A3BD0843D677}.Release|x86.Build.0 = Release|Win32
		{7B2615E6-01B9-41EC-BB1D-CBC809370037}.Debug|x64.ActiveCfg = Debug|x64
		{7B2615E6-01B9-41EC-BB1D-CBC809370037}.Debug|x64.Build.0 = Debug|x64
		{7B2615E6-01B9-41EC-BB1D-CBC809370037}.Debug|x86.ActiveCfg = Debug|Win32
		{7B2615E6-01B9-41EC-BB1D-CBC809370037}.Debug|x86.Build.0 = Debug|Win32
		{7B2615E6-01B9-41EC-BB1D-CBC809370037}.Release|x64.ActiveCfg = Release|x64
		{7B2615E6-01B9-41EC-BB1D-CBC809370037}.Release|x64.Build.0 = Release|x64
		{7B2615E6-01B9-41EC-BB1D-CBC809370037}.Release|x86.ActiveCfg = Release|Win32
		{7B2615E6-01B9-41EC-BB1D-CBC809370037}.Release|x86.Build.0 = Release|Win32
		{2A95C12F-BAE0-454D-BCD9-512E27EEFE4B}.Debug|x64.ActiveCfg = Debug|x64
		{2A95C12F-BAE0-454D-BCD9-512E27EEFE4B}.Debug|x64.Build.0 = Debug|x64
		{2A95C12F-BAE0-454D-BCD9-512E27EEFE4B}.Debug|x86.ActiveCfg = Debug|Win32
		{2A95C12F-BAE0-454D-BCD9-512E27EEFE4B}.Debug|x86.Build.0 = Debug|Win32
		{2A95C12F-BAE0-454D-BCD9-512E27EEFE4B}.Release|x64.ActiveCfg = Release|x64
		{2A95C12F-BAE0-454D-BCD9-512E27EEFE4B}.Release|x64.Build.0 = Release|x64
		{2A95C12F-BAE0-454D-BCD9-512E27EEFE4B}.Release|x86.ActiveCfg = Release|Win32
		{2A95C12F-BAE0-454D-BCD9-512E27EEFE4B}.Release|x86.Build.0 = Release|Win32
		{6C6FF6F3-9137-45EC-B074-F7B844AB1B65}.Debug|x64.ActiveCfg = Debug|x64
		{6C6FF6F3-9137-45EC-B074-F7B844AB1B65}.Debug|x64.Build.0 = Debug|x64
		{6C6FF6F3-9137-45EC-B074-F7B844AB1B65}.Debug|x86.ActiveCfg = Debug|Win32
		{6C6FF6F3-9137-45EC-B074-F7B844AB1B65}.Debug|x86.Build.0 = Debug|Win32
		{6C6FF6F3-9137-45EC-B074-F7B844AB1B65}.Release|x64.ActiveCfg = Release|x64
		{6C6FF6F3-9137-45EC-B074-F7B844AB1B65}.Release|x64.Build.0 = Release|x64
		{6C6FF6F3-9137-45EC-B074-F7B844AB1B65}.Release|x86.ActiveCfg = Release|Win32
		{6C6FF6F3-9137-45EC-B074-F7B844AB1B65}.Release|x86.Build.0 = Release|Win32
		{3ACCCE34-9442-482E-8DE8-56E6EC8FBE84}.Debug|x64.ActiveCfg = Debug|x64
		{3ACCCE34-9442-482E-8DE8-56E6EC8FBE84}.Debug|x64.Build.0 = Debug|x64
		{3ACCCE34-9442-482E-8DE8-56E6EC8FBE84}.Debug|x86.ActiveCfg = Debug|Win32
		{3ACCCE34-9442-482E-8DE8-56E6EC8FBE84}.Debug|x86.Build.0 = Debug|Win32
		{3ACCCE34-9442-482E-8DE8-56E6EC8FBE84}.Release|x64.ActiveCfg = Release|x64
		{3ACCCE34-9442-482E-8DE8-56E6EC8FBE84}.Release|x64.Build.0 = Release|x64
		{3ACCCE34-9442-482E-8DE8-56E6EC8FBE84}.Release|x86.ActiveCfg = Release|Win32
		{3ACCCE34-9442-482E-8DE8-56E6EC8FBE84}.Release|x86.Build.0 = Release|Win32
		{2E7D3388-7BC4-410E-B5DF-5DAF5E972273}.Debug|x64.ActiveCfg = Debug|x64
		{2E7D3388-7BC4-410E-B5DF-5DAF5E972273}.Debug|x64.Build.0 = Debug|x64
		{2E7D3388-7BC4-410E-B5DF-5DAF5E972273}.Debug|x86.ActiveCfg = Debug|Win32
		{2E7D3388-7BC4-410E-B5DF-5DAF5E972273}.Debug|x86.Build.0 = Debug|Win32
		{2E7D3388-7BC4-410E-B5DF-5DAF5E972273}.Release|x64.ActiveCfg = Release|x64
		{2E7D3388-7BC4-410E-B5DF-5DAF5E972273}.Release|x64.Build.0 = Release|x64
		{2E7D3388-7BC4-410E-B5DF-5DAF5E972273}.Release|x86.ActiveCfg = Release|Win32
		{2E7D3388-7BC4-410E-B5DF-5DAF5E972273}.Release|x86.Build.0 = Release|Win32
		{A67AC746-13F6-43AF-AB1B-3F93A3233EED}.Debug|x64.ActiveCfg = Debug|x64
		{A67AC746-13F6-43AF-AB1B-3F93A3233EED}.Debug|x64.Build.0 = Debug|x64
		{A67AC746-13F6-43AF-AB1B-3F93A3233EED}.Debug|x86.ActiveCfg = Debug|Win32
		{A67AC746-13F6-43AF-AB1B-3F93A3233EED}.Debug|x86.Build.0 = Debug|Win32
		{A67AC746-13F6-43AF-AB1B-3F93A3233EED}.Release|x64.ActiveCfg = Release|x64
		{A67AC746-13F6-43AF-AB1B-3F93A3233EED}.Release|x64.Build.0 = Release|x64
		{A67AC746-13F6-43AF-AB1B-3F93A3233EED}.Release|x86.ActiveCfg = Release|Win32
		{A67AC746-13F6-43AF-AB1B-3F93A3233EED}.Release|x86.Build.0 = Release|Win32
		{28B9A318-CE8B-44EE-810F-CEFCF5E17950}.Debug|x64.ActiveCfg = Debug|x64
		{28B9A318-CE8B-44EE-810F-CEFCF5E17950}.Debug|x64.Build.0 = Debug|x64
		{28B9A318-CE8B-44EE-810F-CEFCF5E17950}.Debug|x86.ActiveCfg = Debug|Win32
		{28B9A318-CE8B-44EE-810F-CEFCF5E17950}.Debug|x86.Build.0 = Debug|Win32
		{28B9A318-CE8B-44EE-810F-CEFCF5E17950}.Release|x64.ActiveCfg = Release|x64
		{28B9A318-CE8B-44EE-810F-CEFCF5E17950}.Release|x64.Build.0 = Release|x64
		{28B9A318-CE8B-44EE-810F-CEFCF5E17950}.Release|x86.ActiveCfg = Release|Win32
		{28B9A318-CE8B-44EE-810F-CEFCF5E17950}.Release|x86.Build.0 = Release|Win32
		{9F9A307F-C861-4782-A806-6BDD7F69D7F4}.Debug|x64.ActiveCfg = Debug|x64
		{9F9A307F-C861-4782-A806-6BDD7F69D7F4}.Debug|x64.Build.0 = Debug|x64
		{9F9A307F-C861-4782-A806-6BDD7F69D7F4}.Debug|x86.ActiveCfg = Debug|Win32
		{9F9A307F-C861-4782-A806-6BDD7F69D7F4}.Debug|x86.Build.0 = Debug|Win32
		{9F9A307F-C861-4782-A806-6BDD7F69D7F4}.Release|x64.ActiveCfg = Release|x64
		{9F9A307F-C861-4782-A806-6BDD7F69D7F4}.Release|x64.Build.0 = Release|x64
		{9F9A307F-C861-4782-A806-6BDD7F69D7F4}.Release|x86.ActiveCfg = Release|Win32
		{9F9A307F-C861-4782-A806-6BDD7F69D7F4}.Release|x86.Build.0 = Release|Win32
		{CFE6DC9C-BA19-488C-9D68-BABCB7D0DD6C}.Debug|x64.ActiveCfg = Debug|x64
		{CFE6DC9C-BA19-488C-9D68-BABCB7D0DD6C}.Debug|x64.Build.0 = Debug|x64
		{CFE6DC9C-BA19-488C-9D68-BABCB7D0DD6C}.Debug|x86.ActiveCfg = Debug|Win32
		{CFE6DC9C-BA19-488C-9D68-BABCB7D0DD6C}.Debug|x86.Build.0 = Debug|Win32
		{CFE6DC9C-BA19-488C-9D68-BABCB7D0DD6C}.Release|x64.ActiveCfg = Release|x64
		{CFE6DC9C-BA19-488C-9D68-BABCB7D0DD6C}.Release|x64.Build.0 = Release|x64
		{CFE6DC9C-BA19-488C-9D68-BABCB7D0DD6C}.Release|x86.ActiveCfg = Release|Win32
		{CFE6DC9C-BA19-488C-9D68-BABCB7D0DD6C}.Release|x86.Build.0 = Release|Win32
		{56D2D737-4534-4DC6-8CA2-D7EAEADB98DA}.Debug|x64.ActiveCfg = Debug|x64
		{56D2D737-4534-4DC6-8CA2-D7EAEADB98DA}.Debug|x64.Build.0 = Debug|x64
		{56D2D737-4534-4DC6-8CA2-D7EAEADB98DA}.Debug|x86.ActiveCfg = Debug|Win32
		{56D2D737-4534-4DC6-8CA2-D7EAEADB98DA}.Debug|x86.Build.0 = Debug|Win32
		{56D2D737-4534-4DC6-8CA2-D7EAEADB98DA}.Release|x64.ActiveCfg = Release|x64
		{56D2D737-4534-4DC6-8CA2-D7EAEADB98DA}.Release|x64.Build.0 = Release|x64
		{56D2D737-4534-4DC6-8CA2-D7EAEADB98DA}.Release|x86.ActiveCfg = Release|Win32
		{56D2D737-4534-4DC6-8CA2-D7EAEADB98DA}.Release|x86.Build.0 = Release|Win32
	EndGlobalSection
	GlobalSection(SolutionProperties) = preSolution
		HideSolutionNode = FALSE
	EndGlobalSection
	GlobalSection(ExtensibilityGlobals) = postSolution
		SolutionGuid = {4AF16115-6BD8-485D-A1E6-64C05C78DC49}
	EndGlobalSection
EndGlobal
